
Microsoft Visual Studio Solution File, Format Version 12.00
# Visual Studio Version 17
VisualStudioVersion = 17.8.34219.65
MinimumVisualStudioVersion = 10.0.40219.1
Project("{2150E333-8FDC-42A3-9474-1A3956D46DE8}") = "Libraries", "Libraries", "{28D02CC8-64D6-4B45-8182-43A92D59FFBA}"
EndProject
Project("{9A19103F-16F7-4668-BE54-9A1E7A4F7556}") = "Spending.Infrastructure", "Microservices\Spending\Spending.Infrastructure\Spending.Infrastructure.csproj", "{4AFE4574-57DA-466C-BF85-698C2285E9BB}"
EndProject
Project("{9A19103F-16F7-4668-BE54-9A1E7A4F7556}") = "Common", "Libraries\Common\Common.csproj", "{6650E4C2-4528-4460-95F0-6133040BD096}"
EndProject
Project("{2150E333-8FDC-42A3-9474-1A3956D46DE8}") = "Publish", "Publish", "{DFAB2F48-5C26-4C63-A766-356C9E269437}"
	ProjectSection(SolutionItems) = preProject
		forward.ps1 = forward.ps1
	EndProjectSection
EndProject
Project("{9A19103F-16F7-4668-BE54-9A1E7A4F7556}") = "Models", "Libraries\Models\Models.csproj", "{0DC65036-B773-4DBC-AF1D-C9F21FEFC23D}"
EndProject
Project("{9A19103F-16F7-4668-BE54-9A1E7A4F7556}") = "Discord.Bot", "Microservices\Discord\Discord.Bot\Discord.Bot.csproj", "{41F48C82-4618-48FC-8D14-7092B2C2C8EA}"
EndProject
Project("{2150E333-8FDC-42A3-9474-1A3956D46DE8}") = "Microservices", "Microservices", "{3566DB53-BB7C-4F9D-B102-5F011BBEDA4F}"
EndProject
Project("{2150E333-8FDC-42A3-9474-1A3956D46DE8}") = "src", "src", "{F5C3E5F0-4D22-4FCE-B780-C6A5FA304B7C}"
EndProject
Project("{2150E333-8FDC-42A3-9474-1A3956D46DE8}") = "Spending", "Spending", "{FB2F534B-BBA0-411A-9025-F2E409F15D7A}"
EndProject
Project("{2150E333-8FDC-42A3-9474-1A3956D46DE8}") = "Discord", "Discord", "{8CF69311-DFEA-43C1-B23E-7A2DE267965E}"
EndProject
Project("{E53339B2-1760-4266-BCC7-CA923CBCF16C}") = "docker-compose", "docker-compose.dcproj", "{FEA3BBE2-09A3-43F9-A444-492E2EE16461}"
EndProject
Project("{9A19103F-16F7-4668-BE54-9A1E7A4F7556}") = "Spending.Api", "Microservices\Spending\Spending.Api\Spending.Api.csproj", "{10F3D287-B18A-4BF8-8763-A3BEBC14455C}"
EndProject
Project("{2150E333-8FDC-42A3-9474-1A3956D46DE8}") = "Hoyoverse", "Hoyoverse", "{463642D8-FC2D-4897-B084-B33640BFC5AB}"
EndProject
Project("{9A19103F-16F7-4668-BE54-9A1E7A4F7556}") = "Hoyoverse.Infrastructure", "Microservices\Hoyoverse\Hoyoverse.Infrastructure\Hoyoverse.Infrastructure.csproj", "{7699E45A-13E2-404A-AB97-ED1EA664793C}"
EndProject
Project("{2150E333-8FDC-42A3-9474-1A3956D46DE8}") = "GenshinImpact", "GenshinImpact", "{577BF3E1-09B0-4A26-BB08-6A157C6E1806}"
EndProject
Project("{9A19103F-16F7-4668-BE54-9A1E7A4F7556}") = "GenshinImpact.Api", "Microservices\Hoyoverse\GenshinImpact\GenshinImpact.Api\GenshinImpact.Api.csproj", "{F495D41C-45E5-428E-9B21-B557A40D0CB7}"
EndProject
Project("{2150E333-8FDC-42A3-9474-1A3956D46DE8}") = "Hoyolab", "Hoyolab", "{42B4DCB8-1C91-44BC-B9F9-BF9EC90479F0}"
EndProject
Project("{9A19103F-16F7-4668-BE54-9A1E7A4F7556}") = "Hoyolab.Api", "Microservices\Hoyoverse\Hoyolab\Hoyolab.Api\Hoyolab.Api.csproj", "{83B324A0-D6F8-4D7D-BFDE-18885F3617E4}"
EndProject
Project("{9A19103F-16F7-4668-BE54-9A1E7A4F7556}") = "GenshinImpact.Services", "Microservices\Hoyoverse\GenshinImpact\GenshinImpact.Services\GenshinImpact.Services.csproj", "{03931428-656E-48DC-ADBD-00610A04C190}"
EndProject
Project("{9A19103F-16F7-4668-BE54-9A1E7A4F7556}") = "Hoyolab.Services", "Microservices\Hoyoverse\Hoyolab\Hoyolab.Services\Hoyolab.Services.csproj", "{354679A9-453D-4055-AFEA-BC67661F292F}"
EndProject
Project("{9A19103F-16F7-4668-BE54-9A1E7A4F7556}") = "Dispatcher", "Libraries\Dispatcher\Dispatcher.csproj", "{A285FFCF-6090-4D48-9601-B49DABD71EC7}"
EndProject
Project("{2150E333-8FDC-42A3-9474-1A3956D46DE8}") = "StarRail", "StarRail", "{7AC83708-C41F-48AE-A9C1-265FD3969A86}"
EndProject
Project("{9A19103F-16F7-4668-BE54-9A1E7A4F7556}") = "StarRail.Api", "Microservices\Hoyoverse\StarRail\StarRail.Api\StarRail.Api.csproj", "{62FD20D2-DCD3-454E-B5CC-A1CA62763B96}"
EndProject
Project("{9A19103F-16F7-4668-BE54-9A1E7A4F7556}") = "StarRail.Core", "Microservices\Hoyoverse\StarRail\StarRail.Core\StarRail.Core.csproj", "{C413C226-602C-4996-82F7-F374F8BF6712}"
EndProject
Project("{9A19103F-16F7-4668-BE54-9A1E7A4F7556}") = "StarRail.Shared", "Microservices\Hoyoverse\StarRail\StarRail.Shared\StarRail.Shared.csproj", "{56EC15AC-4DC5-49B8-9075-E8ADB8849706}"
EndProject
Project("{9A19103F-16F7-4668-BE54-9A1E7A4F7556}") = "StarRail.Infrastructure", "Microservices\Hoyoverse\StarRail\StarRail.Infrastructure\StarRail.Infrastructure.csproj", "{ADDE4C5F-65BD-40B4-B0DF-C885B6719075}"
EndProject
Project("{2150E333-8FDC-42A3-9474-1A3956D46DE8}") = "Infrastructure", "Infrastructure", "{6C4333CF-1CE9-444B-B485-02D6438CBE37}"
EndProject
Project("{9A19103F-16F7-4668-BE54-9A1E7A4F7556}") = "Infrastructure.Core", "Infrastructure\Infrastructure.Core\Infrastructure.Core.csproj", "{44B952B8-E73C-459C-9019-0770F39F8333}"
EndProject
Project("{2150E333-8FDC-42A3-9474-1A3956D46DE8}") = "External", "External", "{67F3FC8C-BAD3-43E5-BCE2-ED3329EB98EA}"
EndProject
Project("{9A19103F-16F7-4668-BE54-9A1E7A4F7556}") = "Random.ExternalService", "Microservices\External\Random.ExternalService\Random.ExternalService.csproj", "{04C8E7F5-6207-4293-B13F-992F58E94AF2}"
EndProject
Project("{2150E333-8FDC-42A3-9474-1A3956D46DE8}") = "Gateways", "Gateways", "{B5C5A061-8D32-4157-A444-B68D96A4AB25}"
EndProject
Global
	GlobalSection(SolutionConfigurationPlatforms) = preSolution
		Debug|Any CPU = Debug|Any CPU
		Release|Any CPU = Release|Any CPU
	EndGlobalSection
	GlobalSection(ProjectConfigurationPlatforms) = postSolution
		{4AFE4574-57DA-466C-BF85-698C2285E9BB}.Debug|Any CPU.ActiveCfg = Debug|Any CPU
		{4AFE4574-57DA-466C-BF85-698C2285E9BB}.Debug|Any CPU.Build.0 = Debug|Any CPU
		{4AFE4574-57DA-466C-BF85-698C2285E9BB}.Release|Any CPU.ActiveCfg = Release|Any CPU
		{4AFE4574-57DA-466C-BF85-698C2285E9BB}.Release|Any CPU.Build.0 = Release|Any CPU
		{6650E4C2-4528-4460-95F0-6133040BD096}.Debug|Any CPU.ActiveCfg = Debug|Any CPU
		{6650E4C2-4528-4460-95F0-6133040BD096}.Debug|Any CPU.Build.0 = Debug|Any CPU
		{6650E4C2-4528-4460-95F0-6133040BD096}.Release|Any CPU.ActiveCfg = Release|Any CPU
		{6650E4C2-4528-4460-95F0-6133040BD096}.Release|Any CPU.Build.0 = Release|Any CPU
		{0DC65036-B773-4DBC-AF1D-C9F21FEFC23D}.Debug|Any CPU.ActiveCfg = Debug|Any CPU
		{0DC65036-B773-4DBC-AF1D-C9F21FEFC23D}.Debug|Any CPU.Build.0 = Debug|Any CPU
		{0DC65036-B773-4DBC-AF1D-C9F21FEFC23D}.Release|Any CPU.ActiveCfg = Release|Any CPU
		{0DC65036-B773-4DBC-AF1D-C9F21FEFC23D}.Release|Any CPU.Build.0 = Release|Any CPU
		{41F48C82-4618-48FC-8D14-7092B2C2C8EA}.Debug|Any CPU.ActiveCfg = Debug|Any CPU
		{41F48C82-4618-48FC-8D14-7092B2C2C8EA}.Debug|Any CPU.Build.0 = Debug|Any CPU
		{41F48C82-4618-48FC-8D14-7092B2C2C8EA}.Release|Any CPU.ActiveCfg = Release|Any CPU
		{41F48C82-4618-48FC-8D14-7092B2C2C8EA}.Release|Any CPU.Build.0 = Release|Any CPU
		{FEA3BBE2-09A3-43F9-A444-492E2EE16461}.Debug|Any CPU.ActiveCfg = Debug|Any CPU
		{FEA3BBE2-09A3-43F9-A444-492E2EE16461}.Debug|Any CPU.Build.0 = Debug|Any CPU
		{FEA3BBE2-09A3-43F9-A444-492E2EE16461}.Release|Any CPU.ActiveCfg = Release|Any CPU
		{FEA3BBE2-09A3-43F9-A444-492E2EE16461}.Release|Any CPU.Build.0 = Release|Any CPU
		{10F3D287-B18A-4BF8-8763-A3BEBC14455C}.Debug|Any CPU.ActiveCfg = Debug|Any CPU
		{10F3D287-B18A-4BF8-8763-A3BEBC14455C}.Debug|Any CPU.Build.0 = Debug|Any CPU
		{10F3D287-B18A-4BF8-8763-A3BEBC14455C}.Release|Any CPU.ActiveCfg = Release|Any CPU
		{10F3D287-B18A-4BF8-8763-A3BEBC14455C}.Release|Any CPU.Build.0 = Release|Any CPU
		{7699E45A-13E2-404A-AB97-ED1EA664793C}.Debug|Any CPU.ActiveCfg = Debug|Any CPU
		{7699E45A-13E2-404A-AB97-ED1EA664793C}.Debug|Any CPU.Build.0 = Debug|Any CPU
		{7699E45A-13E2-404A-AB97-ED1EA664793C}.Release|Any CPU.ActiveCfg = Release|Any CPU
		{7699E45A-13E2-404A-AB97-ED1EA664793C}.Release|Any CPU.Build.0 = Release|Any CPU
		{F495D41C-45E5-428E-9B21-B557A40D0CB7}.Debug|Any CPU.ActiveCfg = Debug|Any CPU
		{F495D41C-45E5-428E-9B21-B557A40D0CB7}.Debug|Any CPU.Build.0 = Debug|Any CPU
		{F495D41C-45E5-428E-9B21-B557A40D0CB7}.Release|Any CPU.ActiveCfg = Release|Any CPU
		{F495D41C-45E5-428E-9B21-B557A40D0CB7}.Release|Any CPU.Build.0 = Release|Any CPU
		{83B324A0-D6F8-4D7D-BFDE-18885F3617E4}.Debug|Any CPU.ActiveCfg = Debug|Any CPU
		{83B324A0-D6F8-4D7D-BFDE-18885F3617E4}.Debug|Any CPU.Build.0 = Debug|Any CPU
		{83B324A0-D6F8-4D7D-BFDE-18885F3617E4}.Release|Any CPU.ActiveCfg = Release|Any CPU
		{83B324A0-D6F8-4D7D-BFDE-18885F3617E4}.Release|Any CPU.Build.0 = Release|Any CPU
		{03931428-656E-48DC-ADBD-00610A04C190}.Debug|Any CPU.ActiveCfg = Debug|Any CPU
		{03931428-656E-48DC-ADBD-00610A04C190}.Debug|Any CPU.Build.0 = Debug|Any CPU
		{03931428-656E-48DC-ADBD-00610A04C190}.Release|Any CPU.ActiveCfg = Release|Any CPU
		{03931428-656E-48DC-ADBD-00610A04C190}.Release|Any CPU.Build.0 = Release|Any CPU
		{354679A9-453D-4055-AFEA-BC67661F292F}.Debug|Any CPU.ActiveCfg = Debug|Any CPU
		{354679A9-453D-4055-AFEA-BC67661F292F}.Debug|Any CPU.Build.0 = Debug|Any CPU
		{354679A9-453D-4055-AFEA-BC67661F292F}.Release|Any CPU.ActiveCfg = Release|Any CPU
		{354679A9-453D-4055-AFEA-BC67661F292F}.Release|Any CPU.Build.0 = Release|Any CPU
		{A285FFCF-6090-4D48-9601-B49DABD71EC7}.Debug|Any CPU.ActiveCfg = Debug|Any CPU
		{A285FFCF-6090-4D48-9601-B49DABD71EC7}.Debug|Any CPU.Build.0 = Debug|Any CPU
		{A285FFCF-6090-4D48-9601-B49DABD71EC7}.Release|Any CPU.ActiveCfg = Release|Any CPU
		{A285FFCF-6090-4D48-9601-B49DABD71EC7}.Release|Any CPU.Build.0 = Release|Any CPU
		{62FD20D2-DCD3-454E-B5CC-A1CA62763B96}.Debug|Any CPU.ActiveCfg = Debug|Any CPU
		{62FD20D2-DCD3-454E-B5CC-A1CA62763B96}.Debug|Any CPU.Build.0 = Debug|Any CPU
		{62FD20D2-DCD3-454E-B5CC-A1CA62763B96}.Release|Any CPU.ActiveCfg = Release|Any CPU
		{62FD20D2-DCD3-454E-B5CC-A1CA62763B96}.Release|Any CPU.Build.0 = Release|Any CPU
		{C413C226-602C-4996-82F7-F374F8BF6712}.Debug|Any CPU.ActiveCfg = Debug|Any CPU
		{C413C226-602C-4996-82F7-F374F8BF6712}.Debug|Any CPU.Build.0 = Debug|Any CPU
		{C413C226-602C-4996-82F7-F374F8BF6712}.Release|Any CPU.ActiveCfg = Release|Any CPU
		{C413C226-602C-4996-82F7-F374F8BF6712}.Release|Any CPU.Build.0 = Release|Any CPU
		{56EC15AC-4DC5-49B8-9075-E8ADB8849706}.Debug|Any CPU.ActiveCfg = Debug|Any CPU
		{56EC15AC-4DC5-49B8-9075-E8ADB8849706}.Debug|Any CPU.Build.0 = Debug|Any CPU
		{56EC15AC-4DC5-49B8-9075-E8ADB8849706}.Release|Any CPU.ActiveCfg = Release|Any CPU
		{56EC15AC-4DC5-49B8-9075-E8ADB8849706}.Release|Any CPU.Build.0 = Release|Any CPU
		{ADDE4C5F-65BD-40B4-B0DF-C885B6719075}.Debug|Any CPU.ActiveCfg = Debug|Any CPU
		{ADDE4C5F-65BD-40B4-B0DF-C885B6719075}.Debug|Any CPU.Build.0 = Debug|Any CPU
		{ADDE4C5F-65BD-40B4-B0DF-C885B6719075}.Release|Any CPU.ActiveCfg = Release|Any CPU
		{ADDE4C5F-65BD-40B4-B0DF-C885B6719075}.Release|Any CPU.Build.0 = Release|Any CPU
		{44B952B8-E73C-459C-9019-0770F39F8333}.Debug|Any CPU.ActiveCfg = Debug|Any CPU
		{44B952B8-E73C-459C-9019-0770F39F8333}.Debug|Any CPU.Build.0 = Debug|Any CPU
		{44B952B8-E73C-459C-9019-0770F39F8333}.Release|Any CPU.ActiveCfg = Release|Any CPU
		{44B952B8-E73C-459C-9019-0770F39F8333}.Release|Any CPU.Build.0 = Release|Any CPU
		{04C8E7F5-6207-4293-B13F-992F58E94AF2}.Debug|Any CPU.ActiveCfg = Debug|Any CPU
		{04C8E7F5-6207-4293-B13F-992F58E94AF2}.Debug|Any CPU.Build.0 = Debug|Any CPU
		{04C8E7F5-6207-4293-B13F-992F58E94AF2}.Release|Any CPU.ActiveCfg = Release|Any CPU
		{04C8E7F5-6207-4293-B13F-992F58E94AF2}.Release|Any CPU.Build.0 = Release|Any CPU
	EndGlobalSection
	GlobalSection(SolutionProperties) = preSolution
		HideSolutionNode = FALSE
	EndGlobalSection
	GlobalSection(NestedProjects) = preSolution
		{28D02CC8-64D6-4B45-8182-43A92D59FFBA} = {F5C3E5F0-4D22-4FCE-B780-C6A5FA304B7C}
		{4AFE4574-57DA-466C-BF85-698C2285E9BB} = {FB2F534B-BBA0-411A-9025-F2E409F15D7A}
		{6650E4C2-4528-4460-95F0-6133040BD096} = {28D02CC8-64D6-4B45-8182-43A92D59FFBA}
		{DFAB2F48-5C26-4C63-A766-356C9E269437} = {28D02CC8-64D6-4B45-8182-43A92D59FFBA}
		{0DC65036-B773-4DBC-AF1D-C9F21FEFC23D} = {28D02CC8-64D6-4B45-8182-43A92D59FFBA}
		{41F48C82-4618-48FC-8D14-7092B2C2C8EA} = {8CF69311-DFEA-43C1-B23E-7A2DE267965E}
		{3566DB53-BB7C-4F9D-B102-5F011BBEDA4F} = {F5C3E5F0-4D22-4FCE-B780-C6A5FA304B7C}
		{FB2F534B-BBA0-411A-9025-F2E409F15D7A} = {3566DB53-BB7C-4F9D-B102-5F011BBEDA4F}
		{8CF69311-DFEA-43C1-B23E-7A2DE267965E} = {3566DB53-BB7C-4F9D-B102-5F011BBEDA4F}
		{10F3D287-B18A-4BF8-8763-A3BEBC14455C} = {FB2F534B-BBA0-411A-9025-F2E409F15D7A}
		{463642D8-FC2D-4897-B084-B33640BFC5AB} = {3566DB53-BB7C-4F9D-B102-5F011BBEDA4F}
		{7699E45A-13E2-404A-AB97-ED1EA664793C} = {463642D8-FC2D-4897-B084-B33640BFC5AB}
		{577BF3E1-09B0-4A26-BB08-6A157C6E1806} = {463642D8-FC2D-4897-B084-B33640BFC5AB}
		{F495D41C-45E5-428E-9B21-B557A40D0CB7} = {577BF3E1-09B0-4A26-BB08-6A157C6E1806}
		{42B4DCB8-1C91-44BC-B9F9-BF9EC90479F0} = {463642D8-FC2D-4897-B084-B33640BFC5AB}
		{83B324A0-D6F8-4D7D-BFDE-18885F3617E4} = {42B4DCB8-1C91-44BC-B9F9-BF9EC90479F0}
		{03931428-656E-48DC-ADBD-00610A04C190} = {577BF3E1-09B0-4A26-BB08-6A157C6E1806}
		{354679A9-453D-4055-AFEA-BC67661F292F} = {42B4DCB8-1C91-44BC-B9F9-BF9EC90479F0}
		{A285FFCF-6090-4D48-9601-B49DABD71EC7} = {28D02CC8-64D6-4B45-8182-43A92D59FFBA}
		{7AC83708-C41F-48AE-A9C1-265FD3969A86} = {463642D8-FC2D-4897-B084-B33640BFC5AB}
		{62FD20D2-DCD3-454E-B5CC-A1CA62763B96} = {7AC83708-C41F-48AE-A9C1-265FD3969A86}
		{C413C226-602C-4996-82F7-F374F8BF6712} = {7AC83708-C41F-48AE-A9C1-265FD3969A86}
		{56EC15AC-4DC5-49B8-9075-E8ADB8849706} = {7AC83708-C41F-48AE-A9C1-265FD3969A86}
		{ADDE4C5F-65BD-40B4-B0DF-C885B6719075} = {7AC83708-C41F-48AE-A9C1-265FD3969A86}
		{6C4333CF-1CE9-444B-B485-02D6438CBE37} = {F5C3E5F0-4D22-4FCE-B780-C6A5FA304B7C}
		{44B952B8-E73C-459C-9019-0770F39F8333} = {6C4333CF-1CE9-444B-B485-02D6438CBE37}
		{67F3FC8C-BAD3-43E5-BCE2-ED3329EB98EA} = {3566DB53-BB7C-4F9D-B102-5F011BBEDA4F}
		{04C8E7F5-6207-4293-B13F-992F58E94AF2} = {67F3FC8C-BAD3-43E5-BCE2-ED3329EB98EA}
		{B5C5A061-8D32-4157-A444-B68D96A4AB25} = {3566DB53-BB7C-4F9D-B102-5F011BBEDA4F}
	EndGlobalSection
	GlobalSection(ExtensibilityGlobals) = postSolution
		SolutionGuid = {9FF33868-F3D1-4A45-B83D-AA5E0BFEB753}
	EndGlobalSection
EndGlobal
