
Microsoft Visual Studio Solution File, Format Version 12.00
# Visual Studio Version 17
VisualStudioVersion = 17.8.34219.65
MinimumVisualStudioVersion = 10.0.40219.1
Project("{2150E333-8FDC-42A3-9474-1A3956D46DE8}") = "Libraries", "Libraries", "{28D02CC8-64D6-4B45-8182-43A92D59FFBA}"
EndProject
Project("{9A19103F-16F7-4668-BE54-9A1E7A4F7556}") = "Spending.Infrastructure", "Microservices\Spending\Spending.Infrastructure\Spending.Infrastructure.csproj", "{4AFE4574-57DA-466C-BF85-698C2285E9BB}"
EndProject
Project("{9A19103F-16F7-4668-BE54-9A1E7A4F7556}") = "Common", "Libraries\Common\Common.csproj", "{6650E4C2-4528-4460-95F0-6133040BD096}"
EndProject
Project("{2150E333-8FDC-42A3-9474-1A3956D46DE8}") = "Publish", "Publish", "{DFAB2F48-5C26-4C63-A766-356C9E269437}"
	ProjectSection(SolutionItems) = preProject
		forward.ps1 = forward.ps1
	EndProjectSection
EndProject
Project("{9A19103F-16F7-4668-BE54-9A1E7A4F7556}") = "Spending.API", "Microservices\Spending\Spending.API\Spending.API.csproj", "{CB226802-B9E8-439D-84A2-24A7718E4965}"
EndProject
Project("{9A19103F-16F7-4668-BE54-9A1E7A4F7556}") = "Models", "Libraries\Models\Models.csproj", "{0DC65036-B773-4DBC-AF1D-C9F21FEFC23D}"
EndProject
Project("{9A19103F-16F7-4668-BE54-9A1E7A4F7556}") = "Discord.Bot", "Microservices\Discord\Discord.Bot\Discord.Bot.csproj", "{41F48C82-4618-48FC-8D14-7092B2C2C8EA}"
EndProject
Project("{2150E333-8FDC-42A3-9474-1A3956D46DE8}") = "Microservices", "Microservices", "{3566DB53-BB7C-4F9D-B102-5F011BBEDA4F}"
EndProject
Project("{2150E333-8FDC-42A3-9474-1A3956D46DE8}") = "src", "src", "{F5C3E5F0-4D22-4FCE-B780-C6A5FA304B7C}"
EndProject
Project("{2150E333-8FDC-42A3-9474-1A3956D46DE8}") = "Spending", "Spending", "{FB2F534B-BBA0-411A-9025-F2E409F15D7A}"
EndProject
Project("{2150E333-8FDC-42A3-9474-1A3956D46DE8}") = "Discord", "Discord", "{8CF69311-DFEA-43C1-B23E-7A2DE267965E}"
EndProject
Project("{E53339B2-1760-4266-BCC7-CA923CBCF16C}") = "docker-compose", "docker-compose.dcproj", "{22551AA9-3A56-4B3B-A4BF-0F55D8395847}"
EndProject
Global
	GlobalSection(SolutionConfigurationPlatforms) = preSolution
		Debug|Any CPU = Debug|Any CPU
		Release|Any CPU = Release|Any CPU
	EndGlobalSection
	GlobalSection(ProjectConfigurationPlatforms) = postSolution
		{4AFE4574-57DA-466C-BF85-698C2285E9BB}.Debug|Any CPU.ActiveCfg = Debug|Any CPU
		{4AFE4574-57DA-466C-BF85-698C2285E9BB}.Debug|Any CPU.Build.0 = Debug|Any CPU
		{4AFE4574-57DA-466C-BF85-698C2285E9BB}.Release|Any CPU.ActiveCfg = Release|Any CPU
		{4AFE4574-57DA-466C-BF85-698C2285E9BB}.Release|Any CPU.Build.0 = Release|Any CPU
		{6650E4C2-4528-4460-95F0-6133040BD096}.Debug|Any CPU.ActiveCfg = Debug|Any CPU
		{6650E4C2-4528-4460-95F0-6133040BD096}.Debug|Any CPU.Build.0 = Debug|Any CPU
		{6650E4C2-4528-4460-95F0-6133040BD096}.Release|Any CPU.ActiveCfg = Release|Any CPU
		{6650E4C2-4528-4460-95F0-6133040BD096}.Release|Any CPU.Build.0 = Release|Any CPU
		{CB226802-B9E8-439D-84A2-24A7718E4965}.Debug|Any CPU.ActiveCfg = Debug|Any CPU
		{CB226802-B9E8-439D-84A2-24A7718E4965}.Debug|Any CPU.Build.0 = Debug|Any CPU
		{CB226802-B9E8-439D-84A2-24A7718E4965}.Release|Any CPU.ActiveCfg = Release|Any CPU
		{CB226802-B9E8-439D-84A2-24A7718E4965}.Release|Any CPU.Build.0 = Release|Any CPU
		{0DC65036-B773-4DBC-AF1D-C9F21FEFC23D}.Debug|Any CPU.ActiveCfg = Debug|Any CPU
		{0DC65036-B773-4DBC-AF1D-C9F21FEFC23D}.Debug|Any CPU.Build.0 = Debug|Any CPU
		{0DC65036-B773-4DBC-AF1D-C9F21FEFC23D}.Release|Any CPU.ActiveCfg = Release|Any CPU
		{0DC65036-B773-4DBC-AF1D-C9F21FEFC23D}.Release|Any CPU.Build.0 = Release|Any CPU
		{41F48C82-4618-48FC-8D14-7092B2C2C8EA}.Debug|Any CPU.ActiveCfg = Debug|Any CPU
		{41F48C82-4618-48FC-8D14-7092B2C2C8EA}.Debug|Any CPU.Build.0 = Debug|Any CPU
		{41F48C82-4618-48FC-8D14-7092B2C2C8EA}.Release|Any CPU.ActiveCfg = Release|Any CPU
		{41F48C82-4618-48FC-8D14-7092B2C2C8EA}.Release|Any CPU.Build.0 = Release|Any CPU
		{22551AA9-3A56-4B3B-A4BF-0F55D8395847}.Debug|Any CPU.ActiveCfg = Debug|Any CPU
		{22551AA9-3A56-4B3B-A4BF-0F55D8395847}.Debug|Any CPU.Build.0 = Debug|Any CPU
		{22551AA9-3A56-4B3B-A4BF-0F55D8395847}.Release|Any CPU.ActiveCfg = Release|Any CPU
		{22551AA9-3A56-4B3B-A4BF-0F55D8395847}.Release|Any CPU.Build.0 = Release|Any CPU
	EndGlobalSection
	GlobalSection(SolutionProperties) = preSolution
		HideSolutionNode = FALSE
	EndGlobalSection
	GlobalSection(NestedProjects) = preSolution
		{28D02CC8-64D6-4B45-8182-43A92D59FFBA} = {F5C3E5F0-4D22-4FCE-B780-C6A5FA304B7C}
		{4AFE4574-57DA-466C-BF85-698C2285E9BB} = {FB2F534B-BBA0-411A-9025-F2E409F15D7A}
		{6650E4C2-4528-4460-95F0-6133040BD096} = {28D02CC8-64D6-4B45-8182-43A92D59FFBA}
		{DFAB2F48-5C26-4C63-A766-356C9E269437} = {28D02CC8-64D6-4B45-8182-43A92D59FFBA}
		{CB226802-B9E8-439D-84A2-24A7718E4965} = {FB2F534B-BBA0-411A-9025-F2E409F15D7A}
		{0DC65036-B773-4DBC-AF1D-C9F21FEFC23D} = {28D02CC8-64D6-4B45-8182-43A92D59FFBA}
		{41F48C82-4618-48FC-8D14-7092B2C2C8EA} = {8CF69311-DFEA-43C1-B23E-7A2DE267965E}
		{3566DB53-BB7C-4F9D-B102-5F011BBEDA4F} = {F5C3E5F0-4D22-4FCE-B780-C6A5FA304B7C}
		{FB2F534B-BBA0-411A-9025-F2E409F15D7A} = {3566DB53-BB7C-4F9D-B102-5F011BBEDA4F}
		{8CF69311-DFEA-43C1-B23E-7A2DE267965E} = {3566DB53-BB7C-4F9D-B102-5F011BBEDA4F}
	EndGlobalSection
	GlobalSection(ExtensibilityGlobals) = postSolution
		SolutionGuid = {9FF33868-F3D1-4A45-B83D-AA5E0BFEB753}
	EndGlobalSection
EndGlobal
