
Microsoft Visual Studio Solution File, Format Version 12.00
# Visual Studio Version 17
VisualStudioVersion = 17.8.34219.65
MinimumVisualStudioVersion = 10.0.40219.1
Project("{9A19103F-16F7-4668-BE54-9A1E7A4F7556}") = "Spending", "Spending\Spending.csproj", "{309DA850-6A1B-4A2F-B7E2-6D254A7773C5}"
EndProject
Project("{2150E333-8FDC-42A3-9474-1A3956D46DE8}") = "Libraries", "Libraries", "{28D02CC8-64D6-4B45-8182-43A92D59FFBA}"
EndProject
Project("{9A19103F-16F7-4668-BE54-9A1E7A4F7556}") = "Data", "Data\Data.csproj", "{4AFE4574-57DA-466C-BF85-698C2285E9BB}"
EndProject
Project("{9A19103F-16F7-4668-BE54-9A1E7A4F7556}") = "Common", "Common\Common.csproj", "{6650E4C2-4528-4460-95F0-6133040BD096}"
EndProject
Project("{2150E333-8FDC-42A3-9474-1A3956D46DE8}") = "Publish", "Publish", "{DFAB2F48-5C26-4C63-A766-356C9E269437}"
	ProjectSection(SolutionItems) = preProject
		forward.ps1 = forward.ps1
	EndProjectSection
EndProject
Project("{9A19103F-16F7-4668-BE54-9A1E7A4F7556}") = "WebApi", "WebApi\WebApi.csproj", "{CB226802-B9E8-439D-84A2-24A7718E4965}"
EndProject
Project("{9A19103F-16F7-4668-BE54-9A1E7A4F7556}") = "Models", "Models\Models.csproj", "{0DC65036-B773-4DBC-AF1D-C9F21FEFC23D}"
EndProject
Project("{9A19103F-16F7-4668-BE54-9A1E7A4F7556}") = "Discord", "Discord\Discord.csproj", "{41F48C82-4618-48FC-8D14-7092B2C2C8EA}"
EndProject
Project("{E53339B2-1760-4266-BCC7-CA923CBCF16C}") = "docker-compose", "docker-compose.dcproj", "{FEA3BBE2-09A3-43F9-A444-492E2EE16461}"
EndProject
Global
	GlobalSection(SolutionConfigurationPlatforms) = preSolution
		Debug|Any CPU = Debug|Any CPU
		Release|Any CPU = Release|Any CPU
	EndGlobalSection
	GlobalSection(ProjectConfigurationPlatforms) = postSolution
		{309DA850-6A1B-4A2F-B7E2-6D254A7773C5}.Debug|Any CPU.ActiveCfg = Debug|Any CPU
		{309DA850-6A1B-4A2F-B7E2-6D254A7773C5}.Debug|Any CPU.Build.0 = Debug|Any CPU
		{309DA850-6A1B-4A2F-B7E2-6D254A7773C5}.Release|Any CPU.ActiveCfg = Release|Any CPU
		{309DA850-6A1B-4A2F-B7E2-6D254A7773C5}.Release|Any CPU.Build.0 = Release|Any CPU
		{4AFE4574-57DA-466C-BF85-698C2285E9BB}.Debug|Any CPU.ActiveCfg = Debug|Any CPU
		{4AFE4574-57DA-466C-BF85-698C2285E9BB}.Debug|Any CPU.Build.0 = Debug|Any CPU
		{4AFE4574-57DA-466C-BF85-698C2285E9BB}.Release|Any CPU.ActiveCfg = Release|Any CPU
		{4AFE4574-57DA-466C-BF85-698C2285E9BB}.Release|Any CPU.Build.0 = Release|Any CPU
		{6650E4C2-4528-4460-95F0-6133040BD096}.Debug|Any CPU.ActiveCfg = Debug|Any CPU
		{6650E4C2-4528-4460-95F0-6133040BD096}.Debug|Any CPU.Build.0 = Debug|Any CPU
		{6650E4C2-4528-4460-95F0-6133040BD096}.Release|Any CPU.ActiveCfg = Release|Any CPU
		{6650E4C2-4528-4460-95F0-6133040BD096}.Release|Any CPU.Build.0 = Release|Any CPU
		{CB226802-B9E8-439D-84A2-24A7718E4965}.Debug|Any CPU.ActiveCfg = Debug|Any CPU
		{CB226802-B9E8-439D-84A2-24A7718E4965}.Debug|Any CPU.Build.0 = Debug|Any CPU
		{CB226802-B9E8-439D-84A2-24A7718E4965}.Release|Any CPU.ActiveCfg = Release|Any CPU
		{CB226802-B9E8-439D-84A2-24A7718E4965}.Release|Any CPU.Build.0 = Release|Any CPU
		{0DC65036-B773-4DBC-AF1D-C9F21FEFC23D}.Debug|Any CPU.ActiveCfg = Debug|Any CPU
		{0DC65036-B773-4DBC-AF1D-C9F21FEFC23D}.Debug|Any CPU.Build.0 = Debug|Any CPU
		{0DC65036-B773-4DBC-AF1D-C9F21FEFC23D}.Release|Any CPU.ActiveCfg = Release|Any CPU
		{0DC65036-B773-4DBC-AF1D-C9F21FEFC23D}.Release|Any CPU.Build.0 = Release|Any CPU
		{41F48C82-4618-48FC-8D14-7092B2C2C8EA}.Debug|Any CPU.ActiveCfg = Debug|Any CPU
		{41F48C82-4618-48FC-8D14-7092B2C2C8EA}.Debug|Any CPU.Build.0 = Debug|Any CPU
		{41F48C82-4618-48FC-8D14-7092B2C2C8EA}.Release|Any CPU.ActiveCfg = Release|Any CPU
		{41F48C82-4618-48FC-8D14-7092B2C2C8EA}.Release|Any CPU.Build.0 = Release|Any CPU
		{FEA3BBE2-09A3-43F9-A444-492E2EE16461}.Debug|Any CPU.ActiveCfg = Debug|Any CPU
		{FEA3BBE2-09A3-43F9-A444-492E2EE16461}.Debug|Any CPU.Build.0 = Debug|Any CPU
		{FEA3BBE2-09A3-43F9-A444-492E2EE16461}.Release|Any CPU.ActiveCfg = Release|Any CPU
		{FEA3BBE2-09A3-43F9-A444-492E2EE16461}.Release|Any CPU.Build.0 = Release|Any CPU
	EndGlobalSection
	GlobalSection(SolutionProperties) = preSolution
		HideSolutionNode = FALSE
	EndGlobalSection
	GlobalSection(NestedProjects) = preSolution
		{4AFE4574-57DA-466C-BF85-698C2285E9BB} = {28D02CC8-64D6-4B45-8182-43A92D59FFBA}
		{6650E4C2-4528-4460-95F0-6133040BD096} = {28D02CC8-64D6-4B45-8182-43A92D59FFBA}
		{DFAB2F48-5C26-4C63-A766-356C9E269437} = {28D02CC8-64D6-4B45-8182-43A92D59FFBA}
		{0DC65036-B773-4DBC-AF1D-C9F21FEFC23D} = {28D02CC8-64D6-4B45-8182-43A92D59FFBA}
		{FEA3BBE2-09A3-43F9-A444-492E2EE16461} = {28D02CC8-64D6-4B45-8182-43A92D59FFBA}
	EndGlobalSection
	GlobalSection(ExtensibilityGlobals) = postSolution
		SolutionGuid = {9FF33868-F3D1-4A45-B83D-AA5E0BFEB753}
	EndGlobalSection
EndGlobal
